
Microsoft Visual Studio Solution File, Format Version 12.00
# Visual Studio Version 17
VisualStudioVersion = 17.14.36408.4 d17.14
MinimumVisualStudioVersion = 10.0.40219.1
Project("{FAE04EC0-301F-11D3-BF4B-00C04F79EFBC}") = "ProyectoPracticaGithub", "ProyectoPracticaGithub\ProyectoPracticaGithub.csproj", "{647435DB-0EBE-4737-B8B7-74040ACD5C94}"
EndProject
Global
	GlobalSection(SolutionConfigurationPlatforms) = preSolution
		Debug|Any CPU = Debug|Any CPU
		Release|Any CPU = Release|Any CPU
	EndGlobalSection
	GlobalSection(ProjectConfigurationPlatforms) = postSolution
		{647435DB-0EBE-4737-B8B7-74040ACD5C94}.Debug|Any CPU.ActiveCfg = Debug|Any CPU
		{647435DB-0EBE-4737-B8B7-74040ACD5C94}.Debug|Any CPU.Build.0 = Debug|Any CPU
		{647435DB-0EBE-4737-B8B7-74040ACD5C94}.Release|Any CPU.ActiveCfg = Release|Any CPU
		{647435DB-0EBE-4737-B8B7-74040ACD5C94}.Release|Any CPU.Build.0 = Release|Any CPU
	EndGlobalSection
	GlobalSection(SolutionProperties) = preSolution
		HideSolutionNode = FALSE
	EndGlobalSection
	GlobalSection(ExtensibilityGlobals) = postSolution
		SolutionGuid = {3A99540D-0A84-44B7-9AC5-B7EF09478D9D}
	EndGlobalSection
EndGlobal
